// !$*UTF8*$!
{
	archiveVersion = 1;
	classes = {
	};
	objectVersion = 46;
	objects = {

/* Begin PBXBuildFile section */
		9106642E208ACA9800F5F449 /* MargeSort.c in Sources */ = {isa = PBXBuildFile; fileRef = 9106642C208ACA9800F5F449 /* MargeSort.c */; };
		9110D26321A85BA7000F1E73 /* SortBinTree.c in Sources */ = {isa = PBXBuildFile; fileRef = 9110D26221A85BA7000F1E73 /* SortBinTree.c */; };
		914A2B64219B153400BFDD9F /* LinkList.c in Sources */ = {isa = PBXBuildFile; fileRef = 914A2B63219B153400BFDD9F /* LinkList.c */; };
		914A2B67219B198A00BFDD9F /* DoubleLinkList.c in Sources */ = {isa = PBXBuildFile; fileRef = 914A2B66219B198A00BFDD9F /* DoubleLinkList.c */; };
		915359392199B8FE0018DEE5 /* SequenceList.c in Sources */ = {isa = PBXBuildFile; fileRef = 915359382199B8FE0018DEE5 /* SequenceList.c */; };
		9168F18421A7017100A7DF0D /* ZipAndUnZip.c in Sources */ = {isa = PBXBuildFile; fileRef = 9168F18321A7017100A7DF0D /* ZipAndUnZip.c */; };
		9170E7D1219FF40300E41D8A /* SqDoubleStack.c in Sources */ = {isa = PBXBuildFile; fileRef = 9170E7D0219FF40300E41D8A /* SqDoubleStack.c */; };
		9170E7D4219FF9F600E41D8A /* LinkStack.c in Sources */ = {isa = PBXBuildFile; fileRef = 9170E7D3219FF9F600E41D8A /* LinkStack.c */; };
		9170E7DF21A0403D00E41D8A /* Tree.c in Sources */ = {isa = PBXBuildFile; fileRef = 9170E7DE21A0403D00E41D8A /* Tree.c */; };
		9170E7F021A17ABA00E41D8A /* BinaryTree.c in Sources */ = {isa = PBXBuildFile; fileRef = 9170E7EF21A17ABA00E41D8A /* BinaryTree.c */; };
		9170E7F621A17FB500E41D8A /* Queue.c in Sources */ = {isa = PBXBuildFile; fileRef = 9170E7F321A17FB500E41D8A /* Queue.c */; };
		9170E7F721A17FB500E41D8A /* QueueList.c in Sources */ = {isa = PBXBuildFile; fileRef = 9170E7F421A17FB500E41D8A /* QueueList.c */; };
		91938085219DC8A300194F71 /* Stack.c in Sources */ = {isa = PBXBuildFile; fileRef = 91938084219DC8A300194F71 /* Stack.c */; };
		91A5723421AC4681006EB8CB /* HeapSort.c in Sources */ = {isa = PBXBuildFile; fileRef = 91A5723321AC4681006EB8CB /* HeapSort.c */; };
		91D0F2792083146000109EA0 /* main.c in Sources */ = {isa = PBXBuildFile; fileRef = 91D0F2782083146000109EA0 /* main.c */; };
		91D0F2872083174B00109EA0 /* BubblingSort.c in Sources */ = {isa = PBXBuildFile; fileRef = 91D0F27F2083174B00109EA0 /* BubblingSort.c */; };
		91D0F2882083174B00109EA0 /* InsertSort.c in Sources */ = {isa = PBXBuildFile; fileRef = 91D0F2812083174B00109EA0 /* InsertSort.c */; };
		91D0F2892083174B00109EA0 /* SelectSort.c in Sources */ = {isa = PBXBuildFile; fileRef = 91D0F2832083174B00109EA0 /* SelectSort.c */; };
		91D0F28A2083174B00109EA0 /* ShellSort.c in Sources */ = {isa = PBXBuildFile; fileRef = 91D0F2852083174B00109EA0 /* ShellSort.c */; };
		91D0F292208357AC00109EA0 /* QuickSort.c in Sources */ = {isa = PBXBuildFile; fileRef = 91D0F290208357AC00109EA0 /* QuickSort.c */; };
		91D1839D215CB02F00240AE2 /* BinarySearch.c in Sources */ = {isa = PBXBuildFile; fileRef = 91D1839B215CB02F00240AE2 /* BinarySearch.c */; };
		91E9597E219DC10300FE3EEA /* StaticLinkList.c in Sources */ = {isa = PBXBuildFile; fileRef = 91E9597D219DC10300FE3EEA /* StaticLinkList.c */; };
		91F4B3D421A5B5CF00A41095 /* BinThreadTree.c in Sources */ = {isa = PBXBuildFile; fileRef = 91F4B3D321A5B5CF00A41095 /* BinThreadTree.c */; };
/* End PBXBuildFile section */

/* Begin PBXCopyFilesBuildPhase section */
		91D0F2732083146000109EA0 /* CopyFiles */ = {
			isa = PBXCopyFilesBuildPhase;
			buildActionMask = 2147483647;
			dstPath = /usr/share/man/man1/;
			dstSubfolderSpec = 0;
			files = (
			);
			runOnlyForDeploymentPostprocessing = 1;
		};
/* End PBXCopyFilesBuildPhase section */

/* Begin PBXFileReference section */
		9106642C208ACA9800F5F449 /* MargeSort.c */ = {isa = PBXFileReference; fileEncoding = 4; lastKnownFileType = sourcecode.c.c; path = MargeSort.c; sourceTree = "<group>"; };
		9106642D208ACA9800F5F449 /* MargeSort.h */ = {isa = PBXFileReference; fileEncoding = 4; lastKnownFileType = sourcecode.c.h; path = MargeSort.h; sourceTree = "<group>"; };
		9110D26121A85BA7000F1E73 /* SortBinTree.h */ = {isa = PBXFileReference; lastKnownFileType = sourcecode.c.h; path = SortBinTree.h; sourceTree = "<group>"; };
		9110D26221A85BA7000F1E73 /* SortBinTree.c */ = {isa = PBXFileReference; lastKnownFileType = sourcecode.c.c; path = SortBinTree.c; sourceTree = "<group>"; };
		914A2B62219B153400BFDD9F /* LinkList.h */ = {isa = PBXFileReference; lastKnownFileType = sourcecode.c.h; path = LinkList.h; sourceTree = "<group>"; };
		914A2B63219B153400BFDD9F /* LinkList.c */ = {isa = PBXFileReference; lastKnownFileType = sourcecode.c.c; path = LinkList.c; sourceTree = "<group>"; };
		914A2B65219B198A00BFDD9F /* DoubleLinkList.h */ = {isa = PBXFileReference; lastKnownFileType = sourcecode.c.h; path = DoubleLinkList.h; sourceTree = "<group>"; };
		914A2B66219B198A00BFDD9F /* DoubleLinkList.c */ = {isa = PBXFileReference; lastKnownFileType = sourcecode.c.c; path = DoubleLinkList.c; sourceTree = "<group>"; };
		915359372199B8FE0018DEE5 /* SequenceList.h */ = {isa = PBXFileReference; lastKnownFileType = sourcecode.c.h; path = SequenceList.h; sourceTree = "<group>"; };
		915359382199B8FE0018DEE5 /* SequenceList.c */ = {isa = PBXFileReference; lastKnownFileType = sourcecode.c.c; path = SequenceList.c; sourceTree = "<group>"; };
		9168F18221A7017100A7DF0D /* ZipAndUnZip.h */ = {isa = PBXFileReference; lastKnownFileType = sourcecode.c.h; path = ZipAndUnZip.h; sourceTree = "<group>"; };
		9168F18321A7017100A7DF0D /* ZipAndUnZip.c */ = {isa = PBXFileReference; lastKnownFileType = sourcecode.c.c; path = ZipAndUnZip.c; sourceTree = "<group>"; };
		9170E7CF219FF40300E41D8A /* SqDoubleStack.h */ = {isa = PBXFileReference; lastKnownFileType = sourcecode.c.h; path = SqDoubleStack.h; sourceTree = "<group>"; };
		9170E7D0219FF40300E41D8A /* SqDoubleStack.c */ = {isa = PBXFileReference; lastKnownFileType = sourcecode.c.c; path = SqDoubleStack.c; sourceTree = "<group>"; };
		9170E7D2219FF9F600E41D8A /* LinkStack.h */ = {isa = PBXFileReference; lastKnownFileType = sourcecode.c.h; path = LinkStack.h; sourceTree = "<group>"; };
		9170E7D3219FF9F600E41D8A /* LinkStack.c */ = {isa = PBXFileReference; lastKnownFileType = sourcecode.c.c; path = LinkStack.c; sourceTree = "<group>"; };
		9170E7DD21A0403D00E41D8A /* Tree.h */ = {isa = PBXFileReference; lastKnownFileType = sourcecode.c.h; path = Tree.h; sourceTree = "<group>"; };
		9170E7DE21A0403D00E41D8A /* Tree.c */ = {isa = PBXFileReference; lastKnownFileType = sourcecode.c.c; path = Tree.c; sourceTree = "<group>"; };
		9170E7EE21A17ABA00E41D8A /* BinaryTree.h */ = {isa = PBXFileReference; lastKnownFileType = sourcecode.c.h; path = BinaryTree.h; sourceTree = "<group>"; };
		9170E7EF21A17ABA00E41D8A /* BinaryTree.c */ = {isa = PBXFileReference; lastKnownFileType = sourcecode.c.c; path = BinaryTree.c; sourceTree = "<group>"; };
		9170E7F221A17FB500E41D8A /* QueueList.h */ = {isa = PBXFileReference; fileEncoding = 4; lastKnownFileType = sourcecode.c.h; path = QueueList.h; sourceTree = "<group>"; };
		9170E7F321A17FB500E41D8A /* Queue.c */ = {isa = PBXFileReference; fileEncoding = 4; lastKnownFileType = sourcecode.c.c; path = Queue.c; sourceTree = "<group>"; };
		9170E7F421A17FB500E41D8A /* QueueList.c */ = {isa = PBXFileReference; fileEncoding = 4; lastKnownFileType = sourcecode.c.c; path = QueueList.c; sourceTree = "<group>"; };
		9170E7F521A17FB500E41D8A /* Queue.h */ = {isa = PBXFileReference; fileEncoding = 4; lastKnownFileType = sourcecode.c.h; path = Queue.h; sourceTree = "<group>"; };
		91938083219DC8A300194F71 /* Stack.h */ = {isa = PBXFileReference; lastKnownFileType = sourcecode.c.h; path = Stack.h; sourceTree = "<group>"; };
		91938084219DC8A300194F71 /* Stack.c */ = {isa = PBXFileReference; lastKnownFileType = sourcecode.c.c; path = Stack.c; sourceTree = "<group>"; };
		91A5723221AC4681006EB8CB /* HeapSort.h */ = {isa = PBXFileReference; lastKnownFileType = sourcecode.c.h; path = HeapSort.h; sourceTree = "<group>"; };
		91A5723321AC4681006EB8CB /* HeapSort.c */ = {isa = PBXFileReference; lastKnownFileType = sourcecode.c.c; path = HeapSort.c; sourceTree = "<group>"; };
		91D0F2752083146000109EA0 /* SortAlgorithm */ = {isa = PBXFileReference; explicitFileType = "compiled.mach-o.executable"; includeInIndex = 0; path = SortAlgorithm; sourceTree = BUILT_PRODUCTS_DIR; };
		91D0F2782083146000109EA0 /* main.c */ = {isa = PBXFileReference; lastKnownFileType = sourcecode.c.c; path = main.c; sourceTree = "<group>"; };
		91D0F27F2083174B00109EA0 /* BubblingSort.c */ = {isa = PBXFileReference; fileEncoding = 4; lastKnownFileType = sourcecode.c.c; path = BubblingSort.c; sourceTree = "<group>"; };
		91D0F2802083174B00109EA0 /* BubblingSort.h */ = {isa = PBXFileReference; fileEncoding = 4; lastKnownFileType = sourcecode.c.h; path = BubblingSort.h; sourceTree = "<group>"; };
		91D0F2812083174B00109EA0 /* InsertSort.c */ = {isa = PBXFileReference; fileEncoding = 4; lastKnownFileType = sourcecode.c.c; path = InsertSort.c; sourceTree = "<group>"; };
		91D0F2822083174B00109EA0 /* InsertSort.h */ = {isa = PBXFileReference; fileEncoding = 4; lastKnownFileType = sourcecode.c.h; path = InsertSort.h; sourceTree = "<group>"; };
		91D0F2832083174B00109EA0 /* SelectSort.c */ = {isa = PBXFileReference; fileEncoding = 4; lastKnownFileType = sourcecode.c.c; path = SelectSort.c; sourceTree = "<group>"; };
		91D0F2842083174B00109EA0 /* SelectSort.h */ = {isa = PBXFileReference; fileEncoding = 4; lastKnownFileType = sourcecode.c.h; path = SelectSort.h; sourceTree = "<group>"; };
		91D0F2852083174B00109EA0 /* ShellSort.c */ = {isa = PBXFileReference; fileEncoding = 4; lastKnownFileType = sourcecode.c.c; path = ShellSort.c; sourceTree = "<group>"; };
		91D0F2862083174B00109EA0 /* ShellSort.h */ = {isa = PBXFileReference; fileEncoding = 4; lastKnownFileType = sourcecode.c.h; path = ShellSort.h; sourceTree = "<group>"; };
		91D0F290208357AC00109EA0 /* QuickSort.c */ = {isa = PBXFileReference; fileEncoding = 4; lastKnownFileType = sourcecode.c.c; path = QuickSort.c; sourceTree = "<group>"; };
		91D0F291208357AC00109EA0 /* QuickSort.h */ = {isa = PBXFileReference; fileEncoding = 4; lastKnownFileType = sourcecode.c.h; path = QuickSort.h; sourceTree = "<group>"; };
		91D1839B215CB02F00240AE2 /* BinarySearch.c */ = {isa = PBXFileReference; lastKnownFileType = sourcecode.c.c; path = BinarySearch.c; sourceTree = "<group>"; };
		91D1839C215CB02F00240AE2 /* BinarySearch.h */ = {isa = PBXFileReference; lastKnownFileType = sourcecode.c.h; path = BinarySearch.h; sourceTree = "<group>"; };
		91E9597C219DC10300FE3EEA /* StaticLinkList.h */ = {isa = PBXFileReference; lastKnownFileType = sourcecode.c.h; path = StaticLinkList.h; sourceTree = "<group>"; };
		91E9597D219DC10300FE3EEA /* StaticLinkList.c */ = {isa = PBXFileReference; lastKnownFileType = sourcecode.c.c; path = StaticLinkList.c; sourceTree = "<group>"; };
		91F4B3D221A5B5CF00A41095 /* BinThreadTree.h */ = {isa = PBXFileReference; lastKnownFileType = sourcecode.c.h; path = BinThreadTree.h; sourceTree = "<group>"; };
		91F4B3D321A5B5CF00A41095 /* BinThreadTree.c */ = {isa = PBXFileReference; lastKnownFileType = sourcecode.c.c; path = BinThreadTree.c; sourceTree = "<group>"; };
/* End PBXFileReference section */

/* Begin PBXFrameworksBuildPhase section */
		91D0F2722083146000109EA0 /* Frameworks */ = {
			isa = PBXFrameworksBuildPhase;
			buildActionMask = 2147483647;
			files = (
			);
			runOnlyForDeploymentPostprocessing = 0;
		};
/* End PBXFrameworksBuildPhase section */

/* Begin PBXGroup section */
		9106642B208ACA6D00F5F449 /* 归并排序 */ = {
			isa = PBXGroup;
			children = (
				9106642C208ACA9800F5F449 /* MargeSort.c */,
				9106642D208ACA9800F5F449 /* MargeSort.h */,
			);
			name = "归并排序";
			sourceTree = "<group>";
		};
		915359332199B66A0018DEE5 /* DataStructure */ = {
			isa = PBXGroup;
			children = (
				9170E7DC21A0403100E41D8A /* 树 */,
				915359342199B76F0018DEE5 /* 线性表 */,
			);
			path = DataStructure;
			sourceTree = "<group>";
		};
		915359342199B76F0018DEE5 /* 线性表 */ = {
			isa = PBXGroup;
			children = (
				9170E7F121A17FB500E41D8A /* 队列 */,
				91938082219DC78500194F71 /* 栈 */,
				915359352199B76F0018DEE5 /* 顺序存储结构 */,
				915359362199B76F0018DEE5 /* 链式存储结构 */,
			);
			path = "线性表";
			sourceTree = "<group>";
		};
		915359352199B76F0018DEE5 /* 顺序存储结构 */ = {
			isa = PBXGroup;
			children = (
				915359372199B8FE0018DEE5 /* SequenceList.h */,
				915359382199B8FE0018DEE5 /* SequenceList.c */,
			);
			path = "顺序存储结构";
			sourceTree = "<group>";
		};
		915359362199B76F0018DEE5 /* 链式存储结构 */ = {
			isa = PBXGroup;
			children = (
				914A2B62219B153400BFDD9F /* LinkList.h */,
				914A2B63219B153400BFDD9F /* LinkList.c */,
				914A2B65219B198A00BFDD9F /* DoubleLinkList.h */,
				914A2B66219B198A00BFDD9F /* DoubleLinkList.c */,
				91E9597C219DC10300FE3EEA /* StaticLinkList.h */,
				91E9597D219DC10300FE3EEA /* StaticLinkList.c */,
			);
			path = "链式存储结构";
			sourceTree = "<group>";
		};
		9170E7DC21A0403100E41D8A /* 树 */ = {
			isa = PBXGroup;
			children = (
				9170E7DD21A0403D00E41D8A /* Tree.h */,
				9170E7DE21A0403D00E41D8A /* Tree.c */,
				9170E7EE21A17ABA00E41D8A /* BinaryTree.h */,
				9170E7EF21A17ABA00E41D8A /* BinaryTree.c */,
				91F4B3D221A5B5CF00A41095 /* BinThreadTree.h */,
				91F4B3D321A5B5CF00A41095 /* BinThreadTree.c */,
				9168F18221A7017100A7DF0D /* ZipAndUnZip.h */,
				9168F18321A7017100A7DF0D /* ZipAndUnZip.c */,
				9110D26121A85BA7000F1E73 /* SortBinTree.h */,
				9110D26221A85BA7000F1E73 /* SortBinTree.c */,
			);
			path = "树";
			sourceTree = "<group>";
		};
		9170E7F121A17FB500E41D8A /* 队列 */ = {
			isa = PBXGroup;
			children = (
				9170E7F521A17FB500E41D8A /* Queue.h */,
				9170E7F321A17FB500E41D8A /* Queue.c */,
				9170E7F221A17FB500E41D8A /* QueueList.h */,
				9170E7F421A17FB500E41D8A /* QueueList.c */,
			);
			path = "队列";
			sourceTree = "<group>";
		};
		91938082219DC78500194F71 /* 栈 */ = {
			isa = PBXGroup;
			children = (
				91938083219DC8A300194F71 /* Stack.h */,
				91938084219DC8A300194F71 /* Stack.c */,
				9170E7CF219FF40300E41D8A /* SqDoubleStack.h */,
				9170E7D0219FF40300E41D8A /* SqDoubleStack.c */,
				9170E7D2219FF9F600E41D8A /* LinkStack.h */,
				9170E7D3219FF9F600E41D8A /* LinkStack.c */,
			);
			path = "栈";
			sourceTree = "<group>";
		};
		91A5723121AC4630006EB8CB /* 堆排序 */ = {
			isa = PBXGroup;
			children = (
				91A5723221AC4681006EB8CB /* HeapSort.h */,
				91A5723321AC4681006EB8CB /* HeapSort.c */,
			);
			name = "堆排序";
			sourceTree = "<group>";
		};
		91D0F26C2083146000109EA0 = {
			isa = PBXGroup;
			children = (
				915359332199B66A0018DEE5 /* DataStructure */,
				91D0F2772083146000109EA0 /* SortAlgorithm */,
				91D0F2762083146000109EA0 /* Products */,
			);
			sourceTree = "<group>";
		};
		91D0F2762083146000109EA0 /* Products */ = {
			isa = PBXGroup;
			children = (
				91D0F2752083146000109EA0 /* SortAlgorithm */,
			);
			name = Products;
			sourceTree = "<group>";
		};
		91D0F2772083146000109EA0 /* SortAlgorithm */ = {
			isa = PBXGroup;
			children = (
				91A5723121AC4630006EB8CB /* 堆排序 */,
				91D1839A215CAFF800240AE2 /* 二分查找 */,
				9106642B208ACA6D00F5F449 /* 归并排序 */,
				91D0F28F2083577900109EA0 /* 快速排序 */,
				91D0F28E2083177500109EA0 /* 希尔排序 */,
				91D0F28D2083176E00109EA0 /* 插入排序 */,
				91D0F28C2083176500109EA0 /* 选择排序 */,
				91D0F28B2083175800109EA0 /* 冒泡排序 */,
				91D0F2782083146000109EA0 /* main.c */,
			);
			path = SortAlgorithm;
			sourceTree = "<group>";
		};
		91D0F28B2083175800109EA0 /* 冒泡排序 */ = {
			isa = PBXGroup;
			children = (
				91D0F27F2083174B00109EA0 /* BubblingSort.c */,
				91D0F2802083174B00109EA0 /* BubblingSort.h */,
			);
			name = "冒泡排序";
			sourceTree = "<group>";
		};
		91D0F28C2083176500109EA0 /* 选择排序 */ = {
			isa = PBXGroup;
			children = (
				91D0F2832083174B00109EA0 /* SelectSort.c */,
				91D0F2842083174B00109EA0 /* SelectSort.h */,
			);
			name = "选择排序";
			sourceTree = "<group>";
		};
		91D0F28D2083176E00109EA0 /* 插入排序 */ = {
			isa = PBXGroup;
			children = (
				91D0F2812083174B00109EA0 /* InsertSort.c */,
				91D0F2822083174B00109EA0 /* InsertSort.h */,
			);
			name = "插入排序";
			sourceTree = "<group>";
		};
		91D0F28E2083177500109EA0 /* 希尔排序 */ = {
			isa = PBXGroup;
			children = (
				91D0F2852083174B00109EA0 /* ShellSort.c */,
				91D0F2862083174B00109EA0 /* ShellSort.h */,
			);
			name = "希尔排序";
			sourceTree = "<group>";
		};
		91D0F28F2083577900109EA0 /* 快速排序 */ = {
			isa = PBXGroup;
			children = (
				91D0F290208357AC00109EA0 /* QuickSort.c */,
				91D0F291208357AC00109EA0 /* QuickSort.h */,
			);
			name = "快速排序";
			sourceTree = "<group>";
		};
		91D1839A215CAFF800240AE2 /* 二分查找 */ = {
			isa = PBXGroup;
			children = (
				91D1839B215CB02F00240AE2 /* BinarySearch.c */,
				91D1839C215CB02F00240AE2 /* BinarySearch.h */,
			);
			name = "二分查找";
			sourceTree = "<group>";
		};
/* End PBXGroup section */

/* Begin PBXNativeTarget section */
		91D0F2742083146000109EA0 /* SortAlgorithm */ = {
			isa = PBXNativeTarget;
			buildConfigurationList = 91D0F27C2083146000109EA0 /* Build configuration list for PBXNativeTarget "SortAlgorithm" */;
			buildPhases = (
				91D0F2712083146000109EA0 /* Sources */,
				91D0F2722083146000109EA0 /* Frameworks */,
				91D0F2732083146000109EA0 /* CopyFiles */,
			);
			buildRules = (
			);
			dependencies = (
			);
			name = SortAlgorithm;
			productName = SortAlgorithm;
			productReference = 91D0F2752083146000109EA0 /* SortAlgorithm */;
			productType = "com.apple.product-type.tool";
		};
/* End PBXNativeTarget section */

/* Begin PBXProject section */
		91D0F26D2083146000109EA0 /* Project object */ = {
			isa = PBXProject;
			attributes = {
				LastUpgradeCheck = 0820;
				ORGANIZATIONNAME = "周飞";
				TargetAttributes = {
					91D0F2742083146000109EA0 = {
						CreatedOnToolsVersion = 8.2.1;
						DevelopmentTeam = C7UNH8293N;
						ProvisioningStyle = Automatic;
					};
				};
			};
			buildConfigurationList = 91D0F2702083146000109EA0 /* Build configuration list for PBXProject "SortAlgorithm" */;
			compatibilityVersion = "Xcode 3.2";
			developmentRegion = English;
			hasScannedForEncodings = 0;
			knownRegions = (
				en,
			);
			mainGroup = 91D0F26C2083146000109EA0;
			productRefGroup = 91D0F2762083146000109EA0 /* Products */;
			projectDirPath = "";
			projectRoot = "";
			targets = (
				91D0F2742083146000109EA0 /* SortAlgorithm */,
			);
		};
/* End PBXProject section */

/* Begin PBXSourcesBuildPhase section */
		91D0F2712083146000109EA0 /* Sources */ = {
			isa = PBXSourcesBuildPhase;
			buildActionMask = 2147483647;
			files = (
				91A5723421AC4681006EB8CB /* HeapSort.c in Sources */,
				91D0F2872083174B00109EA0 /* BubblingSort.c in Sources */,
				9106642E208ACA9800F5F449 /* MargeSort.c in Sources */,
				9168F18421A7017100A7DF0D /* ZipAndUnZip.c in Sources */,
				91D0F292208357AC00109EA0 /* QuickSort.c in Sources */,
				91E9597E219DC10300FE3EEA /* StaticLinkList.c in Sources */,
				9110D26321A85BA7000F1E73 /* SortBinTree.c in Sources */,
				915359392199B8FE0018DEE5 /* SequenceList.c in Sources */,
				91D0F2892083174B00109EA0 /* SelectSort.c in Sources */,
				91D1839D215CB02F00240AE2 /* BinarySearch.c in Sources */,
				91D0F28A2083174B00109EA0 /* ShellSort.c in Sources */,
				9170E7F721A17FB500E41D8A /* QueueList.c in Sources */,
				91F4B3D421A5B5CF00A41095 /* BinThreadTree.c in Sources */,
				9170E7F021A17ABA00E41D8A /* BinaryTree.c in Sources */,
				9170E7F621A17FB500E41D8A /* Queue.c in Sources */,
				9170E7D4219FF9F600E41D8A /* LinkStack.c in Sources */,
				91D0F2792083146000109EA0 /* main.c in Sources */,
				91D0F2882083174B00109EA0 /* InsertSort.c in Sources */,
				914A2B64219B153400BFDD9F /* LinkList.c in Sources */,
				9170E7DF21A0403D00E41D8A /* Tree.c in Sources */,
				91938085219DC8A300194F71 /* Stack.c in Sources */,
				914A2B67219B198A00BFDD9F /* DoubleLinkList.c in Sources */,
				9170E7D1219FF40300E41D8A /* SqDoubleStack.c in Sources */,
			);
			runOnlyForDeploymentPostprocessing = 0;
		};
/* End PBXSourcesBuildPhase section */

/* Begin XCBuildConfiguration section */
		91D0F27A2083146000109EA0 /* Debug */ = {
			isa = XCBuildConfiguration;
			buildSettings = {
				ALWAYS_SEARCH_USER_PATHS = NO;
				CLANG_ANALYZER_NONNULL = YES;
				CLANG_CXX_LANGUAGE_STANDARD = "gnu++0x";
				CLANG_CXX_LIBRARY = "libc++";
				CLANG_ENABLE_MODULES = YES;
				CLANG_ENABLE_OBJC_ARC = YES;
				CLANG_WARN_BOOL_CONVERSION = YES;
				CLANG_WARN_CONSTANT_CONVERSION = YES;
				CLANG_WARN_DIRECT_OBJC_ISA_USAGE = YES_ERROR;
				CLANG_WARN_DOCUMENTATION_COMMENTS = YES;
				CLANG_WARN_EMPTY_BODY = YES;
				CLANG_WARN_ENUM_CONVERSION = YES;
				CLANG_WARN_INFINITE_RECURSION = YES;
				CLANG_WARN_INT_CONVERSION = YES;
				CLANG_WARN_OBJC_ROOT_CLASS = YES_ERROR;
				CLANG_WARN_SUSPICIOUS_MOVE = YES;
				CLANG_WARN_UNREACHABLE_CODE = YES;
				CLANG_WARN__DUPLICATE_METHOD_MATCH = YES;
				CODE_SIGN_IDENTITY = "-";
				COPY_PHASE_STRIP = NO;
				DEBUG_INFORMATION_FORMAT = dwarf;
				ENABLE_STRICT_OBJC_MSGSEND = YES;
				ENABLE_TESTABILITY = YES;
				GCC_C_LANGUAGE_STANDARD = gnu99;
				GCC_DYNAMIC_NO_PIC = NO;
				GCC_NO_COMMON_BLOCKS = YES;
				GCC_OPTIMIZATION_LEVEL = 0;
				GCC_PREPROCESSOR_DEFINITIONS = (
					"DEBUG=1",
					"$(inherited)",
				);
				GCC_WARN_64_TO_32_BIT_CONVERSION = YES;
				GCC_WARN_ABOUT_RETURN_TYPE = YES_ERROR;
				GCC_WARN_UNDECLARED_SELECTOR = YES;
				GCC_WARN_UNINITIALIZED_AUTOS = YES_AGGRESSIVE;
				GCC_WARN_UNUSED_FUNCTION = YES;
				GCC_WARN_UNUSED_VARIABLE = YES;
				MACOSX_DEPLOYMENT_TARGET = 10.11;
				MTL_ENABLE_DEBUG_INFO = YES;
				ONLY_ACTIVE_ARCH = YES;
				SDKROOT = macosx;
			};
			name = Debug;
		};
		91D0F27B2083146000109EA0 /* Release */ = {
			isa = XCBuildConfiguration;
			buildSettings = {
				ALWAYS_SEARCH_USER_PATHS = NO;
				CLANG_ANALYZER_NONNULL = YES;
				CLANG_CXX_LANGUAGE_STANDARD = "gnu++0x";
				CLANG_CXX_LIBRARY = "libc++";
				CLANG_ENABLE_MODULES = YES;
				CLANG_ENABLE_OBJC_ARC = YES;
				CLANG_WARN_BOOL_CONVERSION = YES;
				CLANG_WARN_CONSTANT_CONVERSION = YES;
				CLANG_WARN_DIRECT_OBJC_ISA_USAGE = YES_ERROR;
				CLANG_WARN_DOCUMENTATION_COMMENTS = YES;
				CLANG_WARN_EMPTY_BODY = YES;
				CLANG_WARN_ENUM_CONVERSION = YES;
				CLANG_WARN_INFINITE_RECURSION = YES;
				CLANG_WARN_INT_CONVERSION = YES;
				CLANG_WARN_OBJC_ROOT_CLASS = YES_ERROR;
				CLANG_WARN_SUSPICIOUS_MOVE = YES;
				CLANG_WARN_UNREACHABLE_CODE = YES;
				CLANG_WARN__DUPLICATE_METHOD_MATCH = YES;
				CODE_SIGN_IDENTITY = "-";
				COPY_PHASE_STRIP = NO;
				DEBUG_INFORMATION_FORMAT = "dwarf-with-dsym";
				ENABLE_NS_ASSERTIONS = NO;
				ENABLE_STRICT_OBJC_MSGSEND = YES;
				GCC_C_LANGUAGE_STANDARD = gnu99;
				GCC_NO_COMMON_BLOCKS = YES;
				GCC_WARN_64_TO_32_BIT_CONVERSION = YES;
				GCC_WARN_ABOUT_RETURN_TYPE = YES_ERROR;
				GCC_WARN_UNDECLARED_SELECTOR = YES;
				GCC_WARN_UNINITIALIZED_AUTOS = YES_AGGRESSIVE;
				GCC_WARN_UNUSED_FUNCTION = YES;
				GCC_WARN_UNUSED_VARIABLE = YES;
				MACOSX_DEPLOYMENT_TARGET = 10.11;
				MTL_ENABLE_DEBUG_INFO = NO;
				SDKROOT = macosx;
			};
			name = Release;
		};
		91D0F27D2083146000109EA0 /* Debug */ = {
			isa = XCBuildConfiguration;
			buildSettings = {
				DEVELOPMENT_TEAM = C7UNH8293N;
				PRODUCT_NAME = "$(TARGET_NAME)";
			};
			name = Debug;
		};
		91D0F27E2083146000109EA0 /* Release */ = {
			isa = XCBuildConfiguration;
			buildSettings = {
				DEVELOPMENT_TEAM = C7UNH8293N;
				PRODUCT_NAME = "$(TARGET_NAME)";
			};
			name = Release;
		};
/* End XCBuildConfiguration section */

/* Begin XCConfigurationList section */
		91D0F2702083146000109EA0 /* Build configuration list for PBXProject "SortAlgorithm" */ = {
			isa = XCConfigurationList;
			buildConfigurations = (
				91D0F27A2083146000109EA0 /* Debug */,
				91D0F27B2083146000109EA0 /* Release */,
			);
			defaultConfigurationIsVisible = 0;
			defaultConfigurationName = Release;
		};
		91D0F27C2083146000109EA0 /* Build configuration list for PBXNativeTarget "SortAlgorithm" */ = {
			isa = XCConfigurationList;
			buildConfigurations = (
				91D0F27D2083146000109EA0 /* Debug */,
				91D0F27E2083146000109EA0 /* Release */,
			);
			defaultConfigurationIsVisible = 0;
			defaultConfigurationName = Release;
		};
/* End XCConfigurationList section */
	};
	rootObject = 91D0F26D2083146000109EA0 /* Project object */;
}
